
Microsoft Visual Studio Solution File, Format Version 12.00
# Visual Studio Version 16
VisualStudioVersion = 16.0.30114.105
MinimumVisualStudioVersion = 10.0.40219.1
Project("{FAE04EC0-301F-11D3-BF4B-00C04F79EFBC}") = "傻吊", "傻吊.csproj", "{598C5745-8C09-4F56-AD31-8EA57E4F709D}"
EndProject
Global
	GlobalSection(SolutionConfigurationPlatforms) = preSolution
		Debug|Any CPU = Debug|Any CPU
		Release|Any CPU = Release|Any CPU
	EndGlobalSection
	GlobalSection(ProjectConfigurationPlatforms) = postSolution
		{598C5745-8C09-4F56-AD31-8EA57E4F709D}.Debug|Any CPU.ActiveCfg = Debug|Any CPU
		{598C5745-8C09-4F56-AD31-8EA57E4F709D}.Debug|Any CPU.Build.0 = Debug|Any CPU
		{598C5745-8C09-4F56-AD31-8EA57E4F709D}.Release|Any CPU.ActiveCfg = Release|Any CPU
		{598C5745-8C09-4F56-AD31-8EA57E4F709D}.Release|Any CPU.Build.0 = Release|Any CPU
	EndGlobalSection
	GlobalSection(SolutionProperties) = preSolution
		HideSolutionNode = FALSE
	EndGlobalSection
	GlobalSection(ExtensibilityGlobals) = postSolution
		SolutionGuid = {D172C580-ABA7-4382-BBD7-3D3CA29696B7}
	EndGlobalSection
EndGlobal
